{
  "name": "appwrite-infra",
  "version": "1.0.0",
  "lockfileVersion": 3,
  "requires": true,
  "packages": {
    "": {
      "name": "appwrite-infra",
      "version": "1.0.0",
      "dependencies": {
        "csv-parse": "^7.0.1",
        "dotenv": "^16.4.5",
        "node-appwrite": "^14.1.0"
      }
    },
    "../../node_modules/.pnpm/dotenv@16.6.1/node_modules/dotenv": {
      "version": "16.6.1",
      "license": "BSD-2-Clause",
      "devDependencies": {
        "@types/node": "^18.11.3",
        "decache": "^4.6.2",
        "sinon": "^14.0.1",
        "standard": "^17.0.0",
        "standard-version": "^9.5.0",
        "tap": "^19.2.0",
        "typescript": "^4.8.4"
      },
      "engines": {
        "node": ">=12"
      },
      "funding": {
        "url": "https://dotenvx.com"
      }
    },
    "../../node_modules/.pnpm/node-appwrite@14.2.0/node_modules/node-appwrite": {
      "version": "14.2.0",
      "license": "BSD-3-Clause",
      "dependencies": {
        "node-fetch-native-with-agent": "1.7.2"
      },
      "devDependencies": {
        "@types/node": "20.11.25",
        "esbuild-plugin-file-path-extensions": "^2.0.0",
        "tslib": "2.6.2",
        "tsup": "7.2.0",
        "typescript": "5.4.2"
      }
    },
    "node_modules/csv-parse": {
      "version": "7.0.1",
      "resolved": "https://registry.npmjs.org/csv-parse/-/csv-parse-7.0.1.tgz",
      "integrity": "sha512-+2z7Ar0APQ7Uu6fX4cn+pitRmxjZ1WPBcGmZFKmA74FCyi7Et/XZx8cjNQ5CjbZ4HCOxXCOpRBYvYH08Qa003A==",
      "license": "MIT"
    },
    "node_modules/dotenv": {
      "resolved": "../../node_modules/.pnpm/dotenv@16.6.1/node_modules/dotenv",
      "link": true
    },
    "node_modules/node-appwrite": {
      "resolved": "../../node_modules/.pnpm/node-appwrite@14.2.0/node_modules/node-appwrite",
      "link": true
    }
  }
}
